// !$*UTF8*$!
{
	archiveVersion = 1;
	classes = {
	};
	objectVersion = 50;
	objects = {

/* Begin PBXBuildFile section */
		D92EF6D825259F110099D73B /* CreateEventButton.swift in Sources */ = {isa = PBXBuildFile; fileRef = D92EF6D725259F110099D73B /* CreateEventButton.swift */; };
		D95BD32E2522E30D00D153AE /* CustomCellOne.swift in Sources */ = {isa = PBXBuildFile; fileRef = D95BD32D2522E30D00D153AE /* CustomCellOne.swift */; };
		D96DD7DB24DE2A5E00BF5471 /* CustomView.swift in Sources */ = {isa = PBXBuildFile; fileRef = D96DD7DA24DE2A5E00BF5471 /* CustomView.swift */; };
		D96DD7DE24DE2B4100BF5471 /* Helper.swift in Sources */ = {isa = PBXBuildFile; fileRef = D96DD7DD24DE2B4100BF5471 /* Helper.swift */; };
		D96DD7E124DE2EDE00BF5471 /* CustomCellTwo.swift in Sources */ = {isa = PBXBuildFile; fileRef = D96DD7E024DE2EDE00BF5471 /* CustomCellTwo.swift */; };
		D9AD364F24F8C3C000630918 /* String + DateFormatter.swift in Sources */ = {isa = PBXBuildFile; fileRef = D9AD364E24F8C3C000630918 /* String + DateFormatter.swift */; };
		D9B0662C25130CB4001EF2FA /* TextField + DatePicker.swift in Sources */ = {isa = PBXBuildFile; fileRef = D9B0662B25130CB4001EF2FA /* TextField + DatePicker.swift */; };
		D9B0662E25130D41001EF2FA /* UIColor + Ext.swift in Sources */ = {isa = PBXBuildFile; fileRef = D9B0662D25130D41001EF2FA /* UIColor + Ext.swift */; };
		D9E4051824CE999A00A90D0A /* AppDelegate.swift in Sources */ = {isa = PBXBuildFile; fileRef = D9E4051724CE999A00A90D0A /* AppDelegate.swift */; };
		D9E4051A24CE999A00A90D0A /* SceneDelegate.swift in Sources */ = {isa = PBXBuildFile; fileRef = D9E4051924CE999A00A90D0A /* SceneDelegate.swift */; };
		D9E4052224CE999A00A90D0A /* DailyFlash.xcdatamodeld in Sources */ = {isa = PBXBuildFile; fileRef = D9E4052024CE999A00A90D0A /* DailyFlash.xcdatamodeld */; };
		D9E4052424CE999E00A90D0A /* Assets.xcassets in Resources */ = {isa = PBXBuildFile; fileRef = D9E4052324CE999E00A90D0A /* Assets.xcassets */; };
		D9E4052724CE999E00A90D0A /* LaunchScreen.storyboard in Resources */ = {isa = PBXBuildFile; fileRef = D9E4052524CE999E00A90D0A /* LaunchScreen.storyboard */; };
		D9E4052F24CE9AF000A90D0A /* MainView.swift in Sources */ = {isa = PBXBuildFile; fileRef = D9E4052E24CE9AF000A90D0A /* MainView.swift */; };
		D9E4053224CE9B4200A90D0A /* CreateStoryVC.swift in Sources */ = {isa = PBXBuildFile; fileRef = D9E4053124CE9B4200A90D0A /* CreateStoryVC.swift */; };
/* End PBXBuildFile section */

/* Begin PBXFileReference section */
		D92EF6D725259F110099D73B /* CreateEventButton.swift */ = {isa = PBXFileReference; lastKnownFileType = sourcecode.swift; path = CreateEventButton.swift; sourceTree = "<group>"; };
		D95BD32D2522E30D00D153AE /* CustomCellOne.swift */ = {isa = PBXFileReference; lastKnownFileType = sourcecode.swift; path = CustomCellOne.swift; sourceTree = "<group>"; };
		D96DD7DA24DE2A5E00BF5471 /* CustomView.swift */ = {isa = PBXFileReference; lastKnownFileType = sourcecode.swift; path = CustomView.swift; sourceTree = "<group>"; };
		D96DD7DD24DE2B4100BF5471 /* Helper.swift */ = {isa = PBXFileReference; lastKnownFileType = sourcecode.swift; path = Helper.swift; sourceTree = "<group>"; };
		D96DD7E024DE2EDE00BF5471 /* CustomCellTwo.swift */ = {isa = PBXFileReference; lastKnownFileType = sourcecode.swift; path = CustomCellTwo.swift; sourceTree = "<group>"; };
		D9AD364E24F8C3C000630918 /* String + DateFormatter.swift */ = {isa = PBXFileReference; lastKnownFileType = sourcecode.swift; path = "String + DateFormatter.swift"; sourceTree = "<group>"; };
		D9B0662B25130CB4001EF2FA /* TextField + DatePicker.swift */ = {isa = PBXFileReference; lastKnownFileType = sourcecode.swift; path = "TextField + DatePicker.swift"; sourceTree = "<group>"; };
		D9B0662D25130D41001EF2FA /* UIColor + Ext.swift */ = {isa = PBXFileReference; lastKnownFileType = sourcecode.swift; path = "UIColor + Ext.swift"; sourceTree = "<group>"; };
		D9E4051424CE999A00A90D0A /* DailyFlash.app */ = {isa = PBXFileReference; explicitFileType = wrapper.application; includeInIndex = 0; path = DailyFlash.app; sourceTree = BUILT_PRODUCTS_DIR; };
		D9E4051724CE999A00A90D0A /* AppDelegate.swift */ = {isa = PBXFileReference; lastKnownFileType = sourcecode.swift; path = AppDelegate.swift; sourceTree = "<group>"; };
		D9E4051924CE999A00A90D0A /* SceneDelegate.swift */ = {isa = PBXFileReference; lastKnownFileType = sourcecode.swift; path = SceneDelegate.swift; sourceTree = "<group>"; };
		D9E4052124CE999A00A90D0A /* DailyFlash.xcdatamodel */ = {isa = PBXFileReference; lastKnownFileType = wrapper.xcdatamodel; path = DailyFlash.xcdatamodel; sourceTree = "<group>"; };
		D9E4052324CE999E00A90D0A /* Assets.xcassets */ = {isa = PBXFileReference; lastKnownFileType = folder.assetcatalog; path = Assets.xcassets; sourceTree = "<group>"; };
		D9E4052624CE999E00A90D0A /* Base */ = {isa = PBXFileReference; lastKnownFileType = file.storyboard; name = Base; path = Base.lproj/LaunchScreen.storyboard; sourceTree = "<group>"; };
		D9E4052824CE999E00A90D0A /* Info.plist */ = {isa = PBXFileReference; lastKnownFileType = text.plist.xml; path = Info.plist; sourceTree = "<group>"; };
		D9E4052E24CE9AF000A90D0A /* MainView.swift */ = {isa = PBXFileReference; lastKnownFileType = sourcecode.swift; path = MainView.swift; sourceTree = "<group>"; };
		D9E4053124CE9B4200A90D0A /* CreateStoryVC.swift */ = {isa = PBXFileReference; lastKnownFileType = sourcecode.swift; path = CreateStoryVC.swift; sourceTree = "<group>"; };
/* End PBXFileReference section */

/* Begin PBXFrameworksBuildPhase section */
		D9E4051124CE999A00A90D0A /* Frameworks */ = {
			isa = PBXFrameworksBuildPhase;
			buildActionMask = 2147483647;
			files = (
			);
			runOnlyForDeploymentPostprocessing = 0;
		};
/* End PBXFrameworksBuildPhase section */

/* Begin PBXGroup section */
		D92EF6D625259EC30099D73B /* Buttons */ = {
			isa = PBXGroup;
			children = (
				D92EF6D725259F110099D73B /* CreateEventButton.swift */,
			);
			path = Buttons;
			sourceTree = "<group>";
		};
		D96DD7D924DE2A2000BF5471 /* View */ = {
			isa = PBXGroup;
			children = (
				D96DD7DA24DE2A5E00BF5471 /* CustomView.swift */,
			);
			path = View;
			sourceTree = "<group>";
		};
		D96DD7DC24DE2AC000BF5471 /* Helper */ = {
			isa = PBXGroup;
			children = (
				D96DD7DD24DE2B4100BF5471 /* Helper.swift */,
			);
			path = Helper;
			sourceTree = "<group>";
		};
		D96DD7DF24DE2EC700BF5471 /* Cell */ = {
			isa = PBXGroup;
			children = (
				D95BD32D2522E30D00D153AE /* CustomCellOne.swift */,
				D96DD7E024DE2EDE00BF5471 /* CustomCellTwo.swift */,
			);
			path = Cell;
			sourceTree = "<group>";
		};
		D96DD7E224E6AEF300BF5471 /* ViewController */ = {
			isa = PBXGroup;
			children = (
				D9E4052E24CE9AF000A90D0A /* MainView.swift */,
				D9E4053124CE9B4200A90D0A /* CreateStoryVC.swift */,
			);
			path = ViewController;
			sourceTree = "<group>";
		};
		D9AD364D24F8C36500630918 /* Extensions */ = {
			isa = PBXGroup;
			children = (
				D9AD364E24F8C3C000630918 /* String + DateFormatter.swift */,
				D9B0662B25130CB4001EF2FA /* TextField + DatePicker.swift */,
				D9B0662D25130D41001EF2FA /* UIColor + Ext.swift */,
			);
			path = Extensions;
			sourceTree = "<group>";
		};
		D9E4050B24CE999A00A90D0A = {
			isa = PBXGroup;
			children = (
				D9E4051624CE999A00A90D0A /* DailyFlash */,
				D9E4051524CE999A00A90D0A /* Products */,
			);
			sourceTree = "<group>";
		};
		D9E4051524CE999A00A90D0A /* Products */ = {
			isa = PBXGroup;
			children = (
				D9E4051424CE999A00A90D0A /* DailyFlash.app */,
			);
			name = Products;
			sourceTree = "<group>";
		};
		D9E4051624CE999A00A90D0A /* DailyFlash */ = {
			isa = PBXGroup;
			children = (
				D96DD7DC24DE2AC000BF5471 /* Helper */,
				D9AD364D24F8C36500630918 /* Extensions */,
				D96DD7E224E6AEF300BF5471 /* ViewController */,
				D96DD7DF24DE2EC700BF5471 /* Cell */,
				D96DD7D924DE2A2000BF5471 /* View */,
				D92EF6D625259EC30099D73B /* Buttons */,
				D9E4051724CE999A00A90D0A /* AppDelegate.swift */,
				D9E4051924CE999A00A90D0A /* SceneDelegate.swift */,
				D9E4052324CE999E00A90D0A /* Assets.xcassets */,
				D9E4052524CE999E00A90D0A /* LaunchScreen.storyboard */,
				D9E4052824CE999E00A90D0A /* Info.plist */,
				D9E4052024CE999A00A90D0A /* DailyFlash.xcdatamodeld */,
			);
			path = DailyFlash;
			sourceTree = "<group>";
		};
/* End PBXGroup section */

/* Begin PBXNativeTarget section */
		D9E4051324CE999A00A90D0A /* DailyFlash */ = {
			isa = PBXNativeTarget;
			buildConfigurationList = D9E4052B24CE999E00A90D0A /* Build configuration list for PBXNativeTarget "DailyFlash" */;
			buildPhases = (
				D9E4051024CE999A00A90D0A /* Sources */,
				D9E4051124CE999A00A90D0A /* Frameworks */,
				D9E4051224CE999A00A90D0A /* Resources */,
			);
			buildRules = (
			);
			dependencies = (
			);
			name = DailyFlash;
			productName = DailyFlash;
			productReference = D9E4051424CE999A00A90D0A /* DailyFlash.app */;
			productType = "com.apple.product-type.application";
		};
/* End PBXNativeTarget section */

/* Begin PBXProject section */
		D9E4050C24CE999A00A90D0A /* Project object */ = {
			isa = PBXProject;
			attributes = {
				LastSwiftUpdateCheck = 1140;
				LastUpgradeCheck = 1140;
				ORGANIZATIONNAME = "Alexey Kirpichnikov";
				TargetAttributes = {
					D9E4051324CE999A00A90D0A = {
						CreatedOnToolsVersion = 11.4.1;
					};
				};
			};
			buildConfigurationList = D9E4050F24CE999A00A90D0A /* Build configuration list for PBXProject "DailyFlash" */;
			compatibilityVersion = "Xcode 9.3";
			developmentRegion = en;
			hasScannedForEncodings = 0;
			knownRegions = (
				en,
				Base,
			);
			mainGroup = D9E4050B24CE999A00A90D0A;
			productRefGroup = D9E4051524CE999A00A90D0A /* Products */;
			projectDirPath = "";
			projectRoot = "";
			targets = (
				D9E4051324CE999A00A90D0A /* DailyFlash */,
			);
		};
/* End PBXProject section */

/* Begin PBXResourcesBuildPhase section */
		D9E4051224CE999A00A90D0A /* Resources */ = {
			isa = PBXResourcesBuildPhase;
			buildActionMask = 2147483647;
			files = (
				D9E4052724CE999E00A90D0A /* LaunchScreen.storyboard in Resources */,
				D9E4052424CE999E00A90D0A /* Assets.xcassets in Resources */,
			);
			runOnlyForDeploymentPostprocessing = 0;
		};
/* End PBXResourcesBuildPhase section */

/* Begin PBXSourcesBuildPhase section */
		D9E4051024CE999A00A90D0A /* Sources */ = {
			isa = PBXSourcesBuildPhase;
			buildActionMask = 2147483647;
			files = (
				D9E4052224CE999A00A90D0A /* DailyFlash.xcdatamodeld in Sources */,
				D96DD7DB24DE2A5E00BF5471 /* CustomView.swift in Sources */,
				D96DD7E124DE2EDE00BF5471 /* CustomCellTwo.swift in Sources */,
				D9E4053224CE9B4200A90D0A /* CreateStoryVC.swift in Sources */,
				D96DD7DE24DE2B4100BF5471 /* Helper.swift in Sources */,
				D9AD364F24F8C3C000630918 /* String + DateFormatter.swift in Sources */,
				D9E4051824CE999A00A90D0A /* AppDelegate.swift in Sources */,
				D9B0662E25130D41001EF2FA /* UIColor + Ext.swift in Sources */,
				D9B0662C25130CB4001EF2FA /* TextField + DatePicker.swift in Sources */,
				D9E4052F24CE9AF000A90D0A /* MainView.swift in Sources */,
				D9E4051A24CE999A00A90D0A /* SceneDelegate.swift in Sources */,
				D95BD32E2522E30D00D153AE /* CustomCellOne.swift in Sources */,
				D92EF6D825259F110099D73B /* CreateEventButton.swift in Sources */,
			);
			runOnlyForDeploymentPostprocessing = 0;
		};
/* End PBXSourcesBuildPhase section */

/* Begin PBXVariantGroup section */
		D9E4052524CE999E00A90D0A /* LaunchScreen.storyboard */ = {
			isa = PBXVariantGroup;
			children = (
				D9E4052624CE999E00A90D0A /* Base */,
			);
			name = LaunchScreen.storyboard;
			sourceTree = "<group>";
		};
/* End PBXVariantGroup section */

/* Begin XCBuildConfiguration section */
		D9E4052924CE999E00A90D0A /* Debug */ = {
			isa = XCBuildConfiguration;
			buildSettings = {
				ALWAYS_SEARCH_USER_PATHS = NO;
				CLANG_ANALYZER_NONNULL = YES;
				CLANG_ANALYZER_NUMBER_OBJECT_CONVERSION = YES_AGGRESSIVE;
				CLANG_CXX_LANGUAGE_STANDARD = "gnu++14";
				CLANG_CXX_LIBRARY = "libc++";
				CLANG_ENABLE_MODULES = YES;
				CLANG_ENABLE_OBJC_ARC = YES;
				CLANG_ENABLE_OBJC_WEAK = YES;
				CLANG_WARN_BLOCK_CAPTURE_AUTORELEASING = YES;
				CLANG_WARN_BOOL_CONVERSION = YES;
				CLANG_WARN_COMMA = YES;
				CLANG_WARN_CONSTANT_CONVERSION = YES;
				CLANG_WARN_DEPRECATED_OBJC_IMPLEMENTATIONS = YES;
				CLANG_WARN_DIRECT_OBJC_ISA_USAGE = YES_ERROR;
				CLANG_WARN_DOCUMENTATION_COMMENTS = YES;
				CLANG_WARN_EMPTY_BODY = YES;
				CLANG_WARN_ENUM_CONVERSION = YES;
				CLANG_WARN_INFINITE_RECURSION = YES;
				CLANG_WARN_INT_CONVERSION = YES;
				CLANG_WARN_NON_LITERAL_NULL_CONVERSION = YES;
				CLANG_WARN_OBJC_IMPLICIT_RETAIN_SELF = YES;
				CLANG_WARN_OBJC_LITERAL_CONVERSION = YES;
				CLANG_WARN_OBJC_ROOT_CLASS = YES_ERROR;
				CLANG_WARN_RANGE_LOOP_ANALYSIS = YES;
				CLANG_WARN_STRICT_PROTOTYPES = YES;
				CLANG_WARN_SUSPICIOUS_MOVE = YES;
				CLANG_WARN_UNGUARDED_AVAILABILITY = YES_AGGRESSIVE;
				CLANG_WARN_UNREACHABLE_CODE = YES;
				CLANG_WARN__DUPLICATE_METHOD_MATCH = YES;
				COPY_PHASE_STRIP = NO;
				DEBUG_INFORMATION_FORMAT = dwarf;
				ENABLE_STRICT_OBJC_MSGSEND = YES;
				ENABLE_TESTABILITY = YES;
				GCC_C_LANGUAGE_STANDARD = gnu11;
				GCC_DYNAMIC_NO_PIC = NO;
				GCC_NO_COMMON_BLOCKS = YES;
				GCC_OPTIMIZATION_LEVEL = 0;
				GCC_PREPROCESSOR_DEFINITIONS = (
					"DEBUG=1",
					"$(inherited)",
				);
				GCC_WARN_64_TO_32_BIT_CONVERSION = YES;
				GCC_WARN_ABOUT_RETURN_TYPE = YES_ERROR;
				GCC_WARN_UNDECLARED_SELECTOR = YES;
				GCC_WARN_UNINITIALIZED_AUTOS = YES_AGGRESSIVE;
				GCC_WARN_UNUSED_FUNCTION = YES;
				GCC_WARN_UNUSED_VARIABLE = YES;
				IPHONEOS_DEPLOYMENT_TARGET = 13.4;
				MTL_ENABLE_DEBUG_INFO = INCLUDE_SOURCE;
				MTL_FAST_MATH = YES;
				ONLY_ACTIVE_ARCH = YES;
				SDKROOT = iphoneos;
				SWIFT_ACTIVE_COMPILATION_CONDITIONS = DEBUG;
				SWIFT_OPTIMIZATION_LEVEL = "-Onone";
			};
			name = Debug;
		};
		D9E4052A24CE999E00A90D0A /* Release */ = {
			isa = XCBuildConfiguration;
			buildSettings = {
				ALWAYS_SEARCH_USER_PATHS = NO;
				CLANG_ANALYZER_NONNULL = YES;
				CLANG_ANALYZER_NUMBER_OBJECT_CONVERSION = YES_AGGRESSIVE;
				CLANG_CXX_LANGUAGE_STANDARD = "gnu++14";
				CLANG_CXX_LIBRARY = "libc++";
				CLANG_ENABLE_MODULES = YES;
				CLANG_ENABLE_OBJC_ARC = YES;
				CLANG_ENABLE_OBJC_WEAK = YES;
				CLANG_WARN_BLOCK_CAPTURE_AUTORELEASING = YES;
				CLANG_WARN_BOOL_CONVERSION = YES;
				CLANG_WARN_COMMA = YES;
				CLANG_WARN_CONSTANT_CONVERSION = YES;
				CLANG_WARN_DEPRECATED_OBJC_IMPLEMENTATIONS = YES;
				CLANG_WARN_DIRECT_OBJC_ISA_USAGE = YES_ERROR;
				CLANG_WARN_DOCUMENTATION_COMMENTS = YES;
				CLANG_WARN_EMPTY_BODY = YES;
				CLANG_WARN_ENUM_CONVERSION = YES;
				CLANG_WARN_INFINITE_RECURSION = YES;
				CLANG_WARN_INT_CONVERSION = YES;
				CLANG_WARN_NON_LITERAL_NULL_CONVERSION = YES;
				CLANG_WARN_OBJC_IMPLICIT_RETAIN_SELF = YES;
				CLANG_WARN_OBJC_LITERAL_CONVERSION = YES;
				CLANG_WARN_OBJC_ROOT_CLASS = YES_ERROR;
				CLANG_WARN_RANGE_LOOP_ANALYSIS = YES;
				CLANG_WARN_STRICT_PROTOTYPES = YES;
				CLANG_WARN_SUSPICIOUS_MOVE = YES;
				CLANG_WARN_UNGUARDED_AVAILABILITY = YES_AGGRESSIVE;
				CLANG_WARN_UNREACHABLE_CODE = YES;
				CLANG_WARN__DUPLICATE_METHOD_MATCH = YES;
				COPY_PHASE_STRIP = NO;
				DEBUG_INFORMATION_FORMAT = "dwarf-with-dsym";
				ENABLE_NS_ASSERTIONS = NO;
				ENABLE_STRICT_OBJC_MSGSEND = YES;
				GCC_C_LANGUAGE_STANDARD = gnu11;
				GCC_NO_COMMON_BLOCKS = YES;
				GCC_WARN_64_TO_32_BIT_CONVERSION = YES;
				GCC_WARN_ABOUT_RETURN_TYPE = YES_ERROR;
				GCC_WARN_UNDECLARED_SELECTOR = YES;
				GCC_WARN_UNINITIALIZED_AUTOS = YES_AGGRESSIVE;
				GCC_WARN_UNUSED_FUNCTION = YES;
				GCC_WARN_UNUSED_VARIABLE = YES;
				IPHONEOS_DEPLOYMENT_TARGET = 13.4;
				MTL_ENABLE_DEBUG_INFO = NO;
				MTL_FAST_MATH = YES;
				SDKROOT = iphoneos;
				SWIFT_COMPILATION_MODE = wholemodule;
				SWIFT_OPTIMIZATION_LEVEL = "-O";
				VALIDATE_PRODUCT = YES;
			};
			name = Release;
		};
		D9E4052C24CE999E00A90D0A /* Debug */ = {
			isa = XCBuildConfiguration;
			buildSettings = {
				ASSETCATALOG_COMPILER_APPICON_NAME = AppIcon;
				CODE_SIGN_STYLE = Automatic;
				DEVELOPMENT_TEAM = AYMCPRG445;
				INFOPLIST_FILE = DailyFlash/Info.plist;
				LD_RUNPATH_SEARCH_PATHS = (
					"$(inherited)",
					"@executable_path/Frameworks",
				);
				PRODUCT_BUNDLE_IDENTIFIER = "Alexey-Kirpichnikov.DailyFlash";
				PRODUCT_NAME = "$(TARGET_NAME)";
				SWIFT_VERSION = 5.0;
				TARGETED_DEVICE_FAMILY = "1,2";
			};
			name = Debug;
		};
		D9E4052D24CE999E00A90D0A /* Release */ = {
			isa = XCBuildConfiguration;
			buildSettings = {
				ASSETCATALOG_COMPILER_APPICON_NAME = AppIcon;
				CODE_SIGN_STYLE = Automatic;
				DEVELOPMENT_TEAM = AYMCPRG445;
				INFOPLIST_FILE = DailyFlash/Info.plist;
				LD_RUNPATH_SEARCH_PATHS = (
					"$(inherited)",
					"@executable_path/Frameworks",
				);
				PRODUCT_BUNDLE_IDENTIFIER = "Alexey-Kirpichnikov.DailyFlash";
				PRODUCT_NAME = "$(TARGET_NAME)";
				SWIFT_VERSION = 5.0;
				TARGETED_DEVICE_FAMILY = "1,2";
			};
			name = Release;
		};
/* End XCBuildConfiguration section */

/* Begin XCConfigurationList section */
		D9E4050F24CE999A00A90D0A /* Build configuration list for PBXProject "DailyFlash" */ = {
			isa = XCConfigurationList;
			buildConfigurations = (
				D9E4052924CE999E00A90D0A /* Debug */,
				D9E4052A24CE999E00A90D0A /* Release */,
			);
			defaultConfigurationIsVisible = 0;
			defaultConfigurationName = Release;
		};
		D9E4052B24CE999E00A90D0A /* Build configuration list for PBXNativeTarget "DailyFlash" */ = {
			isa = XCConfigurationList;
			buildConfigurations = (
				D9E4052C24CE999E00A90D0A /* Debug */,
				D9E4052D24CE999E00A90D0A /* Release */,
			);
			defaultConfigurationIsVisible = 0;
			defaultConfigurationName = Release;
		};
/* End XCConfigurationList section */

/* Begin XCVersionGroup section */
		D9E4052024CE999A00A90D0A /* DailyFlash.xcdatamodeld */ = {
			isa = XCVersionGroup;
			children = (
				D9E4052124CE999A00A90D0A /* DailyFlash.xcdatamodel */,
			);
			currentVersion = D9E4052124CE999A00A90D0A /* DailyFlash.xcdatamodel */;
			path = DailyFlash.xcdatamodeld;
			sourceTree = "<group>";
			versionGroupType = wrapper.xcdatamodel;
		};
/* End XCVersionGroup section */
	};
	rootObject = D9E4050C24CE999A00A90D0A /* Project object */;
}
